PODS:
  - Expecta (1.0.6)
  - OKBluetooth (1.0.0):
    - ReactiveObjC (= 3.1.0)
  - ReactiveObjC (3.1.0)
  - Specta (1.0.7)
  - SVProgressHUD (2.2.5)

DEPENDENCIES:
  - Expecta
  - OKBluetooth (from `../`)
  - Specta
  - SVProgressHUD (= 2.2.5)

SPEC REPOS:
  https://github.com/cocoapods/specs.git:
    - Expecta
    - ReactiveObjC
    - Specta
    - SVProgressHUD

EXTERNAL SOURCES:
  OKBluetooth:
    :path: "../"

SPEC CHECKSUMS:
  Expecta: 3b6bd90a64b9a1dcb0b70aa0e10a7f8f631667d5
  OKBluetooth: 827d125134e812bba07fc838ec3acf5cb04f46a4
  ReactiveObjC: 2a38ea15335de4119d8b17caf1db1484f61db902
  Specta: 3e1bd89c3517421982dc4d1c992503e48bd5fe66
  SVProgressHUD: 1428aafac632c1f86f62aa4243ec12008d7a51d6

PODFILE CHECKSUM: 741bbd7aa1d066f2f95ac4025738736568790610

COCOAPODS: 1.5.3
